
Microsoft Visual Studio Solution File, Format Version 12.00
# Visual Studio Version 17
VisualStudioVersion = 17.13.35931.197 d17.13
MinimumVisualStudioVersion = 10.0.40219.1
Project("{FAE04EC0-301F-11D3-BF4B-00C04F79EFBC}") = "MAUI_CircularChart", "MAUI_CircularChart\MAUI_CircularChart.csproj", "{789A5F82-9C95-43F8-A4E2-48A213A05C4B}"
EndProject
Global
	GlobalSection(SolutionConfigurationPlatforms) = preSolution
		Debug|Any CPU = Debug|Any CPU
		Release|Any CPU = Release|Any CPU
	EndGlobalSection
	GlobalSection(ProjectConfigurationPlatforms) = postSolution
		{789A5F82-9C95-43F8-A4E2-48A213A05C4B}.Debug|Any CPU.ActiveCfg = Debug|Any CPU
		{789A5F82-9C95-43F8-A4E2-48A213A05C4B}.Debug|Any CPU.Build.0 = Debug|Any CPU
		{789A5F82-9C95-43F8-A4E2-48A213A05C4B}.Release|Any CPU.ActiveCfg = Release|Any CPU
		{789A5F82-9C95-43F8-A4E2-48A213A05C4B}.Release|Any CPU.Build.0 = Release|Any CPU
	EndGlobalSection
	GlobalSection(SolutionProperties) = preSolution
		HideSolutionNode = FALSE
	EndGlobalSection
	GlobalSection(ExtensibilityGlobals) = postSolution
		SolutionGuid = {6A96C94F-F493-4A8D-9F57-01EFAE431D99}
	EndGlobalSection
EndGlobal
